
Microsoft Visual Studio Solution File, Format Version 12.00
# Visual Studio Version 17
VisualStudioVersion = 17.5.002.0
MinimumVisualStudioVersion = 10.0.40219.1
Project("{9A19103F-16F7-4668-BE54-9A1E7A4F7556}") = "tests", "tests\tests.csproj", "{CCC0CD66-376E-44D6-9B39-1F64574BD33C}"
EndProject
Project("{9A19103F-16F7-4668-BE54-9A1E7A4F7556}") = "datasheetapi", "datasheetapi\datasheetapi.csproj", "{4EF2C442-F3F7-41FE-B542-B8A52515A130}"
EndProject
Global
	GlobalSection(SolutionConfigurationPlatforms) = preSolution
		Debug|Any CPU = Debug|Any CPU
		Release|Any CPU = Release|Any CPU
	EndGlobalSection
	GlobalSection(ProjectConfigurationPlatforms) = postSolution
		{CCC0CD66-376E-44D6-9B39-1F64574BD33C}.Debug|Any CPU.ActiveCfg = Debug|Any CPU
		{CCC0CD66-376E-44D6-9B39-1F64574BD33C}.Debug|Any CPU.Build.0 = Debug|Any CPU
		{CCC0CD66-376E-44D6-9B39-1F64574BD33C}.Release|Any CPU.ActiveCfg = Release|Any CPU
		{CCC0CD66-376E-44D6-9B39-1F64574BD33C}.Release|Any CPU.Build.0 = Release|Any CPU
		{4EF2C442-F3F7-41FE-B542-B8A52515A130}.Debug|Any CPU.ActiveCfg = Debug|Any CPU
		{4EF2C442-F3F7-41FE-B542-B8A52515A130}.Debug|Any CPU.Build.0 = Debug|Any CPU
		{4EF2C442-F3F7-41FE-B542-B8A52515A130}.Release|Any CPU.ActiveCfg = Release|Any CPU
		{4EF2C442-F3F7-41FE-B542-B8A52515A130}.Release|Any CPU.Build.0 = Release|Any CPU
	EndGlobalSection
	GlobalSection(SolutionProperties) = preSolution
		HideSolutionNode = FALSE
	EndGlobalSection
	GlobalSection(ExtensibilityGlobals) = postSolution
		SolutionGuid = {D3BE315D-30A8-40E6-B700-F5E029A61082}
	EndGlobalSection
EndGlobal
